
Microsoft Visual Studio Solution File, Format Version 12.00
# Visual Studio Version 17
VisualStudioVersion = 17.3.32929.385
MinimumVisualStudioVersion = 10.0.40219.1
Project("{8BC9CEB8-8B4A-11D0-8D11-00A0C91BC942}") = "saod-10laba", "saod-10laba\saod-10laba.vcxproj", "{2C287A2D-BF1B-4C62-A80D-DE5555A2411F}"
EndProject
Global
	GlobalSection(SolutionConfigurationPlatforms) = preSolution
		Debug|x64 = Debug|x64
		Debug|x86 = Debug|x86
		Release|x64 = Release|x64
		Release|x86 = Release|x86
	EndGlobalSection
	GlobalSection(ProjectConfigurationPlatforms) = postSolution
		{2C287A2D-BF1B-4C62-A80D-DE5555A2411F}.Debug|x64.ActiveCfg = Debug|x64
		{2C287A2D-BF1B-4C62-A80D-DE5555A2411F}.Debug|x64.Build.0 = Debug|x64
		{2C287A2D-BF1B-4C62-A80D-DE5555A2411F}.Debug|x86.ActiveCfg = Debug|Win32
		{2C287A2D-BF1B-4C62-A80D-DE5555A2411F}.Debug|x86.Build.0 = Debug|Win32
		{2C287A2D-BF1B-4C62-A80D-DE5555A2411F}.Release|x64.ActiveCfg = Release|x64
		{2C287A2D-BF1B-4C62-A80D-DE5555A2411F}.Release|x64.Build.0 = Release|x64
		{2C287A2D-BF1B-4C62-A80D-DE5555A2411F}.Release|x86.ActiveCfg = Release|Win32
		{2C287A2D-BF1B-4C62-A80D-DE5555A2411F}.Release|x86.Build.0 = Release|Win32
	EndGlobalSection
	GlobalSection(SolutionProperties) = preSolution
		HideSolutionNode = FALSE
	EndGlobalSection
	GlobalSection(ExtensibilityGlobals) = postSolution
		SolutionGuid = {F05F3E37-DC06-404B-80F5-A6964F1792E2}
	EndGlobalSection
EndGlobal
